// !$*UTF8*$!
{
	archiveVersion = 1;
	classes = {
	};
	objectVersion = 56;
	objects = {

/* Begin PBXBuildFile section */
		AAAAAAAAAAAAAAAAAAAA0001 /* ActionCamApp.swift in Sources */ = {isa = PBXBuildFile; fileRef = BBBBBBBBBBBBBBBBBBBB0001 /* ActionCamApp.swift */; };
		AAAAAAAAAAAAAAAAAAAA0002 /* CameraEngine.swift in Sources */ = {isa = PBXBuildFile; fileRef = BBBBBBBBBBBBBBBBBBBB0002 /* CameraEngine.swift */; };
		AAAAAAAAAAAAAAAAAAAA0003 /* MediaPipeline.swift in Sources */ = {isa = PBXBuildFile; fileRef = BBBBBBBBBBBBBBBBBBBB0003 /* MediaPipeline.swift */; };
		AAAAAAAAAAAAAAAAAAAA0004 /* CameraViews.swift in Sources */ = {isa = PBXBuildFile; fileRef = BBBBBBBBBBBBBBBBBBBB0004 /* CameraViews.swift */; };
/* End PBXBuildFile section */

/* Begin PBXFileReference section */
		BBBBBBBBBBBBBBBBBBBB0001 /* ActionCamApp.swift */ = {isa = PBXFileReference; lastKnownFileType = sourcecode.swift; path = ActionCamApp.swift; sourceTree = "<group>"; };
		BBBBBBBBBBBBBBBBBBBB0002 /* CameraEngine.swift */ = {isa = PBXFileReference; lastKnownFileType = sourcecode.swift; path = CameraEngine.swift; sourceTree = "<group>"; };
		BBBBBBBBBBBBBBBBBBBB0003 /* MediaPipeline.swift */ = {isa = PBXFileReference; lastKnownFileType = sourcecode.swift; path = MediaPipeline.swift; sourceTree = "<group>"; };
		BBBBBBBBBBBBBBBBBBBB0004 /* CameraViews.swift */ = {isa = PBXFileReference; lastKnownFileType = sourcecode.swift; path = CameraViews.swift; sourceTree = "<group>"; };
		BBBBBBBBBBBBBBBBBBBB0005 /* Info.plist */ = {isa = PBXFileReference; lastKnownFileType = text.plist.xml; path = Info.plist; sourceTree = "<group>"; };
		BBBBBBBBBBBBBBBBBBBB0006 /* ActionCam.app */ = {isa = PBXFileReference; explicitFileType = wrapper.application; includeInIndex = 0; path = ActionCam.app; sourceTree = BUILT_PRODUCTS_DIR; };
/* End PBXFileReference section */

/* Begin PBXFrameworksBuildPhase section */
		FFFFFFFFFFFFFFFFFFFF0001 /* Frameworks */ = {
			isa = PBXFrameworksBuildPhase;
			buildActionMask = 2147483647;
			files = (
			);
			runOnlyForDeploymentPostprocessing = 0;
		};
/* End PBXFrameworksBuildPhase section */

/* Begin PBXGroup section */
		CCCCCCCCCCCCCCCCCCCC0001 = {
			isa = PBXGroup;
			children = (
				CCCCCCCCCCCCCCCCCCCC0002 /* ActionCam */,
				CCCCCCCCCCCCCCCCCCCC0003 /* Products */,
			);
			sourceTree = "<group>";
		};
		CCCCCCCCCCCCCCCCCCCC0002 /* ActionCam */ = {
			isa = PBXGroup;
			children = (
				BBBBBBBBBBBBBBBBBBBB0001 /* ActionCamApp.swift */,
				BBBBBBBBBBBBBBBBBBBB0002 /* CameraEngine.swift */,
				BBBBBBBBBBBBBBBBBBBB0003 /* MediaPipeline.swift */,
				BBBBBBBBBBBBBBBBBBBB0004 /* CameraViews.swift */,
				BBBBBBBBBBBBBBBBBBBB0005 /* Info.plist */,
			);
			path = ActionCam;
			sourceTree = "<group>";
		};
		CCCCCCCCCCCCCCCCCCCC0003 /* Products */ = {
			isa = PBXGroup;
			children = (
				BBBBBBBBBBBBBBBBBBBB0006 /* ActionCam.app */,
			);
			name = Products;
			sourceTree = "<group>";
		};
/* End PBXGroup section */

/* Begin PBXNativeTarget section */
		DDDDDDDDDDDDDDDDDDDD0001 /* ActionCam */ = {
			isa = PBXNativeTarget;
			buildConfigurationList = 111111111111111111110001 /* Build configuration list for PBXNativeTarget "ActionCam" */;
			buildPhases = (
				FFFFFFFFFFFFFFFFFFFF0002 /* Sources */,
				FFFFFFFFFFFFFFFFFFFF0001 /* Frameworks */,
				FFFFFFFFFFFFFFFFFFFF0003 /* Resources */,
			);
			buildRules = (
			);
			dependencies = (
			);
			name = ActionCam;
			productName = ActionCam;
			productReference = BBBBBBBBBBBBBBBBBBBB0006 /* ActionCam.app */;
			productType = "com.apple.product-type.application";
		};
/* End PBXNativeTarget section */

/* Begin PBXProject section */
		EEEEEEEEEEEEEEEEEEEE0001 /* Project object */ = {
			isa = PBXProject;
			attributes = {
				BuildIndependentTargetsInParallel = 1;
				LastSwiftUpdateCheck = 1500;
				LastUpgradeCheck = 1500;
				TargetAttributes = {
					DDDDDDDDDDDDDDDDDDDD0001 = {
						CreatedOnToolsVersion = 15.0;
					};
				};
			};
			buildConfigurationList = 111111111111111111110002 /* Build configuration list for PBXProject "ActionCam" */;
			compatibilityVersion = "Xcode 14.0";
			developmentRegion = en;
			hasScannedForEncodings = 0;
			knownRegions = (
				en,
				Base,
				"zh-Hans",
			);
			mainGroup = CCCCCCCCCCCCCCCCCCCC0001;
			productRefGroup = CCCCCCCCCCCCCCCCCCCC0003 /* Products */;
			projectDirPath = "";
			projectRoot = "";
			targets = (
				DDDDDDDDDDDDDDDDDDDD0001 /* ActionCam */,
			);
		};
/* End PBXProject section */

/* Begin PBXResourcesBuildPhase section */
		FFFFFFFFFFFFFFFFFFFF0003 /* Resources */ = {
			isa = PBXResourcesBuildPhase;
			buildActionMask = 2147483647;
			files = (
			);
			runOnlyForDeploymentPostprocessing = 0;
		};
/* End PBXResourcesBuildPhase section */

/* Begin PBXSourcesBuildPhase section */
		FFFFFFFFFFFFFFFFFFFF0002 /* Sources */ = {
			isa = PBXSourcesBuildPhase;
			buildActionMask = 2147483647;
			files = (
				AAAAAAAAAAAAAAAAAAAA0001 /* ActionCamApp.swift in Sources */,
				AAAAAAAAAAAAAAAAAAAA0002 /* CameraEngine.swift in Sources */,
				AAAAAAAAAAAAAAAAAAAA0003 /* MediaPipeline.swift in Sources */,
				AAAAAAAAAAAAAAAAAAAA0004 /* CameraViews.swift in Sources */,
			);
			runOnlyForDeploymentPostprocessing = 0;
		};
/* End PBXSourcesBuildPhase section */

/* Begin XCBuildConfiguration section */
		222222222222222222220001 /* Debug */ = {
			isa = XCBuildConfiguration;
			buildSettings = {
				ALWAYS_SEARCH_USER_PATHS = NO;
				CLANG_ENABLE_MODULES = YES;
				CLANG_ENABLE_OBJC_ARC = YES;
				COPY_PHASE_STRIP = NO;
				DEBUG_INFORMATION_FORMAT = dwarf;
				ENABLE_STRICT_OBJC_MSGSEND = YES;
				ENABLE_TESTABILITY = YES;
				GCC_C_LANGUAGE_STANDARD = gnu11;
				GCC_DYNAMIC_NO_PIC = NO;
				GCC_NO_COMMON_BLOCKS = YES;
				GCC_OPTIMIZATION_LEVEL = 0;
				GCC_PREPROCESSOR_DEFINITIONS = (
					"DEBUG=1",
					"$(inherited)",
				);
				IPHONEOS_DEPLOYMENT_TARGET = 14.0;
				MTL_ENABLE_DEBUG_INFO = INCLUDE_SOURCE;
				MTL_FAST_MATH = YES;
				ONLY_ACTIVE_ARCH = YES;
				SDKROOT = iphoneos;
				SWIFT_ACTIVE_COMPILATION_CONDITIONS = DEBUG;
				SWIFT_OPTIMIZATION_LEVEL = "-Onone";
				SWIFT_VERSION = 5.0;
			};
			name = Debug;
		};
		222222222222222222220002 /* Release */ = {
			isa = XCBuildConfiguration;
			buildSettings = {
				ALWAYS_SEARCH_USER_PATHS = NO;
				CLANG_ENABLE_MODULES = YES;
				CLANG_ENABLE_OBJC_ARC = YES;
				COPY_PHASE_STRIP = NO;
				DEBUG_INFORMATION_FORMAT = "dwarf-with-dsym";
				ENABLE_NS_ASSERTIONS = NO;
				ENABLE_STRICT_OBJC_MSGSEND = YES;
				GCC_C_LANGUAGE_STANDARD = gnu11;
				GCC_NO_COMMON_BLOCKS = YES;
				IPHONEOS_DEPLOYMENT_TARGET = 14.0;
				MTL_ENABLE_DEBUG_INFO = NO;
				MTL_FAST_MATH = YES;
				SDKROOT = iphoneos;
				SWIFT_COMPILATION_MODE = wholemodule;
				SWIFT_OPTIMIZATION_LEVEL = "-O";
				SWIFT_VERSION = 5.0;
				VALIDATE_PRODUCT = YES;
			};
			name = Release;
		};
		222222222222222222220003 /* Debug */ = {
			isa = XCBuildConfiguration;
			buildSettings = {
				ASSETCATALOG_COMPILER_GENERATE_ASSET_SYMBOLS = NO;
				CODE_SIGN_STYLE = Automatic;
				CURRENT_PROJECT_VERSION = 1;
				GENERATE_INFOPLIST_FILE = NO;
				INFOPLIST_FILE = ActionCam/Info.plist;
				LD_RUNPATH_SEARCH_PATHS = (
					"$(inherited)",
					"@executable_path/Frameworks",
				);
				MARKETING_VERSION = 1.0;
				PRODUCT_BUNDLE_IDENTIFIER = com.actioncam.app;
				PRODUCT_NAME = "$(TARGET_NAME)";
				SWIFT_EMIT_LOC_STRINGS = YES;
				TARGETED_DEVICE_FAMILY = "1,2";
			};
			name = Debug;
		};
		222222222222222222220004 /* Release */ = {
			isa = XCBuildConfiguration;
			buildSettings = {
				ASSETCATALOG_COMPILER_GENERATE_ASSET_SYMBOLS = NO;
				CODE_SIGN_STYLE = Automatic;
				CURRENT_PROJECT_VERSION = 1;
				GENERATE_INFOPLIST_FILE = NO;
				INFOPLIST_FILE = ActionCam/Info.plist;
				LD_RUNPATH_SEARCH_PATHS = (
					"$(inherited)",
					"@executable_path/Frameworks",
				);
				MARKETING_VERSION = 1.0;
				PRODUCT_BUNDLE_IDENTIFIER = com.actioncam.app;
				PRODUCT_NAME = "$(TARGET_NAME)";
				SWIFT_EMIT_LOC_STRINGS = YES;
				TARGETED_DEVICE_FAMILY = "1,2";
			};
			name = Release;
		};
/* End XCBuildConfiguration section */

/* Begin XCConfigurationList section */
		111111111111111111110001 /* Build configuration list for PBXNativeTarget "ActionCam" */ = {
			isa = XCConfigurationList;
			buildConfigurations = (
				222222222222222222220003 /* Debug */,
				222222222222222222220004 /* Release */,
			);
			defaultConfigurationIsVisible = 0;
			defaultConfigurationName = Release;
		};
		111111111111111111110002 /* Build configuration list for PBXProject "ActionCam" */ = {
			isa = XCConfigurationList;
			buildConfigurations = (
				222222222222222222220001 /* Debug */,
				222222222222222222220002 /* Release */,
			);
			defaultConfigurationIsVisible = 0;
			defaultConfigurationName = Release;
		};
/* End XCConfigurationList section */
	};
	rootObject = EEEEEEEEEEEEEEEEEEEE0001 /* Project object */;
}
